
Microsoft Visual Studio Solution File, Format Version 12.00
# Visual Studio 14
VisualStudioVersion = 14.0.25420.1
MinimumVisualStudioVersion = 10.0.40219.1
Project("{FAE04EC0-301F-11D3-BF4B-00C04F79EFBC}") = "PrometheusNet.Owin", "src\PrometheusNet.Owin\PrometheusNet.Owin.csproj", "{EEAFF143-F8CA-45FF-A15A-61BDC105E492}"
EndProject
Project("{FAE04EC0-301F-11D3-BF4B-00C04F79EFBC}") = "owin-tester", "src\owin-tester\owin-tester.csproj", "{B1DDBE27-0F2B-4877-8315-004AF97E64AF}"
EndProject
Project("{2150E333-8FDC-42A3-9474-1A3956D46DE8}") = "ProjectItems", "ProjectItems", "{45BBDD34-64B5-4E9E-89BC-913118C5013C}"
	ProjectSection(SolutionItems) = preProject
		appveyor.yml = appveyor.yml
		LICENSE = LICENSE
		README.md = README.md
	EndProjectSection
EndProject
Global
	GlobalSection(SolutionConfigurationPlatforms) = preSolution
		Debug|Any CPU = Debug|Any CPU
		Release|Any CPU = Release|Any CPU
	EndGlobalSection
	GlobalSection(ProjectConfigurationPlatforms) = postSolution
		{EEAFF143-F8CA-45FF-A15A-61BDC105E492}.Debug|Any CPU.ActiveCfg = Debug|Any CPU
		{EEAFF143-F8CA-45FF-A15A-61BDC105E492}.Debug|Any CPU.Build.0 = Debug|Any CPU
		{EEAFF143-F8CA-45FF-A15A-61BDC105E492}.Release|Any CPU.ActiveCfg = Release|Any CPU
		{EEAFF143-F8CA-45FF-A15A-61BDC105E492}.Release|Any CPU.Build.0 = Release|Any CPU
		{B1DDBE27-0F2B-4877-8315-004AF97E64AF}.Debug|Any CPU.ActiveCfg = Debug|Any CPU
		{B1DDBE27-0F2B-4877-8315-004AF97E64AF}.Debug|Any CPU.Build.0 = Debug|Any CPU
		{B1DDBE27-0F2B-4877-8315-004AF97E64AF}.Release|Any CPU.ActiveCfg = Release|Any CPU
		{B1DDBE27-0F2B-4877-8315-004AF97E64AF}.Release|Any CPU.Build.0 = Release|Any CPU
	EndGlobalSection
	GlobalSection(SolutionProperties) = preSolution
		HideSolutionNode = FALSE
	EndGlobalSection
EndGlobal
